
Microsoft Visual Studio Solution File, Format Version 12.00
# Visual Studio Version 17
VisualStudioVersion = 17.1.32414.318
MinimumVisualStudioVersion = 10.0.40219.1
Project("{FAE04EC0-301F-11D3-BF4B-00C04F79EFBC}") = "APIminimal", "APIminimal\APIminimal.csproj", "{CE107439-42CF-41E7-A6A3-0B9952CAA066}"
EndProject
Global
	GlobalSection(SolutionConfigurationPlatforms) = preSolution
		Debug|Any CPU = Debug|Any CPU
		Release|Any CPU = Release|Any CPU
	EndGlobalSection
	GlobalSection(ProjectConfigurationPlatforms) = postSolution
		{CE107439-42CF-41E7-A6A3-0B9952CAA066}.Debug|Any CPU.ActiveCfg = Debug|Any CPU
		{CE107439-42CF-41E7-A6A3-0B9952CAA066}.Debug|Any CPU.Build.0 = Debug|Any CPU
		{CE107439-42CF-41E7-A6A3-0B9952CAA066}.Release|Any CPU.ActiveCfg = Release|Any CPU
		{CE107439-42CF-41E7-A6A3-0B9952CAA066}.Release|Any CPU.Build.0 = Release|Any CPU
	EndGlobalSection
	GlobalSection(SolutionProperties) = preSolution
		HideSolutionNode = FALSE
	EndGlobalSection
	GlobalSection(ExtensibilityGlobals) = postSolution
		SolutionGuid = {3E894836-B786-4E49-8852-A2178EDAB105}
	EndGlobalSection
EndGlobal
